// !$*UTF8*$!
{
	archiveVersion = 1;
	classes = {
	};
	objectVersion = 46;
	objects = {

/* Begin PBXBuildFile section */
		D4870A921850C96800774072 /* Foundation.framework in Frameworks */ = {isa = PBXBuildFile; fileRef = D4870A911850C96800774072 /* Foundation.framework */; };
		D4870A941850C96800774072 /* CoreGraphics.framework in Frameworks */ = {isa = PBXBuildFile; fileRef = D4870A931850C96800774072 /* CoreGraphics.framework */; };
		D4870A961850C96800774072 /* UIKit.framework in Frameworks */ = {isa = PBXBuildFile; fileRef = D4870A951850C96800774072 /* UIKit.framework */; };
		D4870A9C1850C96800774072 /* InfoPlist.strings in Resources */ = {isa = PBXBuildFile; fileRef = D4870A9A1850C96800774072 /* InfoPlist.strings */; };
		D4870A9E1850C96800774072 /* main.m in Sources */ = {isa = PBXBuildFile; fileRef = D4870A9D1850C96800774072 /* main.m */; };
		D4870AA21850C96800774072 /* AppDelegate.m in Sources */ = {isa = PBXBuildFile; fileRef = D4870AA11850C96800774072 /* AppDelegate.m */; };
		D4870AA51850C96800774072 /* Main.storyboard in Resources */ = {isa = PBXBuildFile; fileRef = D4870AA31850C96800774072 /* Main.storyboard */; };
		D4870AA81850C96800774072 /* MasterViewController.m in Sources */ = {isa = PBXBuildFile; fileRef = D4870AA71850C96800774072 /* MasterViewController.m */; };
		D4870AAB1850C96800774072 /* DetailViewController.m in Sources */ = {isa = PBXBuildFile; fileRef = D4870AAA1850C96800774072 /* DetailViewController.m */; };
		D4870AAD1850C96800774072 /* Images.xcassets in Resources */ = {isa = PBXBuildFile; fileRef = D4870AAC1850C96800774072 /* Images.xcassets */; };
		D4870AB41850C96800774072 /* XCTest.framework in Frameworks */ = {isa = PBXBuildFile; fileRef = D4870AB31850C96800774072 /* XCTest.framework */; };
		D4870AB51850C96800774072 /* Foundation.framework in Frameworks */ = {isa = PBXBuildFile; fileRef = D4870A911850C96800774072 /* Foundation.framework */; };
		D4870AB61850C96800774072 /* UIKit.framework in Frameworks */ = {isa = PBXBuildFile; fileRef = D4870A951850C96800774072 /* UIKit.framework */; };
		D4870ABE1850C96800774072 /* InfoPlist.strings in Resources */ = {isa = PBXBuildFile; fileRef = D4870ABC1850C96800774072 /* InfoPlist.strings */; };
		D4870AC01850C96800774072 /* ProjectTests.m in Sources */ = {isa = PBXBuildFile; fileRef = D4870ABF1850C96800774072 /* ProjectTests.m */; };
/* End PBXBuildFile section */

/* Begin PBXContainerItemProxy section */
		D4870AB71850C96800774072 /* PBXContainerItemProxy */ = {
			isa = PBXContainerItemProxy;
			containerPortal = D4870A861850C96800774072 /* Project object */;
			proxyType = 1;
			remoteGlobalIDString = D4870A8D1850C96800774072;
			remoteInfo = Project;
		};
/* End PBXContainerItemProxy section */

/* Begin PBXFileReference section */
		D4870A8E1850C96800774072 /* Project.app */ = {isa = PBXFileReference; explicitFileType = wrapper.application; includeInIndex = 0; path = Project.app; sourceTree = BUILT_PRODUCTS_DIR; };
		D4870A911850C96800774072 /* Foundation.framework */ = {isa = PBXFileReference; lastKnownFileType = wrapper.framework; name = Foundation.framework; path = System/Library/Frameworks/Foundation.framework; sourceTree = SDKROOT; };
		D4870A931850C96800774072 /* CoreGraphics.framework */ = {isa = PBXFileReference; lastKnownFileType = wrapper.framework; name = CoreGraphics.framework; path = System/Library/Frameworks/CoreGraphics.framework; sourceTree = SDKROOT; };
		D4870A951850C96800774072 /* UIKit.framework */ = {isa = PBXFileReference; lastKnownFileType = wrapper.framework; name = UIKit.framework; path = System/Library/Frameworks/UIKit.framework; sourceTree = SDKROOT; };
		D4870A991850C96800774072 /* Project-Info.plist */ = {isa = PBXFileReference; lastKnownFileType = text.plist.xml; path = "Project-Info.plist"; sourceTree = "<group>"; };
		D4870A9B1850C96800774072 /* en */ = {isa = PBXFileReference; lastKnownFileType = text.plist.strings; name = en; path = en.lproj/InfoPlist.strings; sourceTree = "<group>"; };
		D4870A9D1850C96800774072 /* main.m */ = {isa = PBXFileReference; lastKnownFileType = sourcecode.c.objc; path = main.m; sourceTree = "<group>"; };
		D4870A9F1850C96800774072 /* Project-Prefix.pch */ = {isa = PBXFileReference; lastKnownFileType = sourcecode.c.h; path = "Project-Prefix.pch"; sourceTree = "<group>"; };
		D4870AA01850C96800774072 /* AppDelegate.h */ = {isa = PBXFileReference; lastKnownFileType = sourcecode.c.h; path = AppDelegate.h; sourceTree = "<group>"; };
		D4870AA11850C96800774072 /* AppDelegate.m */ = {isa = PBXFileReference; lastKnownFileType = sourcecode.c.objc; path = AppDelegate.m; sourceTree = "<group>"; };
		D4870AA41850C96800774072 /* Base */ = {isa = PBXFileReference; lastKnownFileType = file.storyboard; name = Base; path = Base.lproj/Main.storyboard; sourceTree = "<group>"; };
		D4870AA61850C96800774072 /* MasterViewController.h */ = {isa = PBXFileReference; lastKnownFileType = sourcecode.c.h; path = MasterViewController.h; sourceTree = "<group>"; };
		D4870AA71850C96800774072 /* MasterViewController.m */ = {isa = PBXFileReference; lastKnownFileType = sourcecode.c.objc; path = MasterViewController.m; sourceTree = "<group>"; };
		D4870AA91850C96800774072 /* DetailViewController.h */ = {isa = PBXFileReference; lastKnownFileType = sourcecode.c.h; path = DetailViewController.h; sourceTree = "<group>"; };
		D4870AAA1850C96800774072 /* DetailViewController.m */ = {isa = PBXFileReference; lastKnownFileType = sourcecode.c.objc; path = DetailViewController.m; sourceTree = "<group>"; };
		D4870AAC1850C96800774072 /* Images.xcassets */ = {isa = PBXFileReference; lastKnownFileType = folder.assetcatalog; path = Images.xcassets; sourceTree = "<group>"; };
		D4870AB21850C96800774072 /* ProjectTests.xctest */ = {isa = PBXFileReference; explicitFileType = wrapper.cfbundle; includeInIndex = 0; path = ProjectTests.xctest; sourceTree = BUILT_PRODUCTS_DIR; };
		D4870AB31850C96800774072 /* XCTest.framework */ = {isa = PBXFileReference; lastKnownFileType = wrapper.framework; name = XCTest.framework; path = Library/Frameworks/XCTest.framework; sourceTree = DEVELOPER_DIR; };
		D4870ABB1850C96800774072 /* ProjectTests-Info.plist */ = {isa = PBXFileReference; lastKnownFileType = text.plist.xml; path = "ProjectTests-Info.plist"; sourceTree = "<group>"; };
		D4870ABD1850C96800774072 /* en */ = {isa = PBXFileReference; lastKnownFileType = text.plist.strings; name = en; path = en.lproj/InfoPlist.strings; sourceTree = "<group>"; };
		D4870ABF1850C96800774072 /* ProjectTests.m */ = {isa = PBXFileReference; lastKnownFileType = sourcecode.c.objc; path = ProjectTests.m; sourceTree = "<group>"; };
/* End PBXFileReference section */

/* Begin PBXFrameworksBuildPhase section */
		D4870A8B1850C96800774072 /* Frameworks */ = {
			isa = PBXFrameworksBuildPhase;
			buildActionMask = 2147483647;
			files = (
				D4870A941850C96800774072 /* CoreGraphics.framework in Frameworks */,
				D4870A961850C96800774072 /* UIKit.framework in Frameworks */,
				D4870A921850C96800774072 /* Foundation.framework in Frameworks */,
			);
			runOnlyForDeploymentPostprocessing = 0;
		};
		D4870AAF1850C96800774072 /* Frameworks */ = {
			isa = PBXFrameworksBuildPhase;
			buildActionMask = 2147483647;
			files = (
				D4870AB41850C96800774072 /* XCTest.framework in Frameworks */,
				D4870AB61850C96800774072 /* UIKit.framework in Frameworks */,
				D4870AB51850C96800774072 /* Foundation.framework in Frameworks */,
			);
			runOnlyForDeploymentPostprocessing = 0;
		};
/* End PBXFrameworksBuildPhase section */

/* Begin PBXGroup section */
		D4870A851850C96800774072 = {
			isa = PBXGroup;
			children = (
				D4870A971850C96800774072 /* Project */,
				D4870AB91850C96800774072 /* ProjectTests */,
				D4870A901850C96800774072 /* Frameworks */,
				D4870A8F1850C96800774072 /* Products */,
			);
			sourceTree = "<group>";
		};
		D4870A8F1850C96800774072 /* Products */ = {
			isa = PBXGroup;
			children = (
				D4870A8E1850C96800774072 /* Project.app */,
				D4870AB21850C96800774072 /* ProjectTests.xctest */,
			);
			name = Products;
			sourceTree = "<group>";
		};
		D4870A901850C96800774072 /* Frameworks */ = {
			isa = PBXGroup;
			children = (
				D4870A911850C96800774072 /* Foundation.framework */,
				D4870A931850C96800774072 /* CoreGraphics.framework */,
				D4870A951850C96800774072 /* UIKit.framework */,
				D4870AB31850C96800774072 /* XCTest.framework */,
			);
			name = Frameworks;
			sourceTree = "<group>";
		};
		D4870A971850C96800774072 /* Project */ = {
			isa = PBXGroup;
			children = (
				D4870AA01850C96800774072 /* AppDelegate.h */,
				D4870AA11850C96800774072 /* AppDelegate.m */,
				D4870AA31850C96800774072 /* Main.storyboard */,
				D4870AA61850C96800774072 /* MasterViewController.h */,
				D4870AA71850C96800774072 /* MasterViewController.m */,
				D4870AA91850C96800774072 /* DetailViewController.h */,
				D4870AAA1850C96800774072 /* DetailViewController.m */,
				D4870AAC1850C96800774072 /* Images.xcassets */,
				D4870A981850C96800774072 /* Supporting Files */,
			);
			path = Project;
			sourceTree = "<group>";
		};
		D4870A981850C96800774072 /* Supporting Files */ = {
			isa = PBXGroup;
			children = (
				D4870A991850C96800774072 /* Project-Info.plist */,
				D4870A9A1850C96800774072 /* InfoPlist.strings */,
				D4870A9D1850C96800774072 /* main.m */,
				D4870A9F1850C96800774072 /* Project-Prefix.pch */,
			);
			name = "Supporting Files";
			sourceTree = "<group>";
		};
		D4870AB91850C96800774072 /* ProjectTests */ = {
			isa = PBXGroup;
			children = (
				D4870ABF1850C96800774072 /* ProjectTests.m */,
				D4870ABA1850C96800774072 /* Supporting Files */,
			);
			path = ProjectTests;
			sourceTree = "<group>";
		};
		D4870ABA1850C96800774072 /* Supporting Files */ = {
			isa = PBXGroup;
			children = (
				D4870ABB1850C96800774072 /* ProjectTests-Info.plist */,
				D4870ABC1850C96800774072 /* InfoPlist.strings */,
			);
			name = "Supporting Files";
			sourceTree = "<group>";
		};
/* End PBXGroup section */

/* Begin PBXNativeTarget section */
		D4870A8D1850C96800774072 /* Project */ = {
			isa = PBXNativeTarget;
			buildConfigurationList = D4870AC31850C96800774072 /* Build configuration list for PBXNativeTarget "Project" */;
			buildPhases = (
				D4870A8A1850C96800774072 /* Sources */,
				D4870A8B1850C96800774072 /* Frameworks */,
				D4870A8C1850C96800774072 /* Resources */,
			);
			buildRules = (
			);
			dependencies = (
			);
			name = Project;
			productName = Project;
			productReference = D4870A8E1850C96800774072 /* Project.app */;
			productType = "com.apple.product-type.application";
		};
		D4870AB11850C96800774072 /* ProjectTests */ = {
			isa = PBXNativeTarget;
			buildConfigurationList = D4870AC61850C96800774072 /* Build configuration list for PBXNativeTarget "ProjectTests" */;
			buildPhases = (
				D4870AAE1850C96800774072 /* Sources */,
				D4870AAF1850C96800774072 /* Frameworks */,
				D4870AB01850C96800774072 /* Resources */,
			);
			buildRules = (
			);
			dependencies = (
				D4870AB81850C96800774072 /* PBXTargetDependency */,
			);
			name = ProjectTests;
			productName = ProjectTests;
			productReference = D4870AB21850C96800774072 /* ProjectTests.xctest */;
			productType = "com.apple.product-type.bundle.unit-test";
		};
/* End PBXNativeTarget section */

/* Begin PBXProject section */
		D4870A861850C96800774072 /* Project object */ = {
			isa = PBXProject;
			attributes = {
				LastUpgradeCheck = 0500;
				ORGANIZATIONNAME = "Elias Abou Haydar";
				TargetAttributes = {
					D4870AB11850C96800774072 = {
						TestTargetID = D4870A8D1850C96800774072;
					};
				};
			};
			buildConfigurationList = D4870A891850C96800774072 /* Build configuration list for PBXProject "Project" */;
			compatibilityVersion = "Xcode 3.2";
			developmentRegion = English;
			hasScannedForEncodings = 0;
			knownRegions = (
				en,
				Base,
			);
			mainGroup = D4870A851850C96800774072;
			productRefGroup = D4870A8F1850C96800774072 /* Products */;
			projectDirPath = "";
			projectRoot = "";
			targets = (
				D4870A8D1850C96800774072 /* Project */,
				D4870AB11850C96800774072 /* ProjectTests */,
			);
		};
/* End PBXProject section */

/* Begin PBXResourcesBuildPhase section */
		D4870A8C1850C96800774072 /* Resources */ = {
			isa = PBXResourcesBuildPhase;
			buildActionMask = 2147483647;
			files = (
				D4870AAD1850C96800774072 /* Images.xcassets in Resources */,
				D4870A9C1850C96800774072 /* InfoPlist.strings in Resources */,
				D4870AA51850C96800774072 /* Main.storyboard in Resources */,
			);
			runOnlyForDeploymentPostprocessing = 0;
		};
		D4870AB01850C96800774072 /* Resources */ = {
			isa = PBXResourcesBuildPhase;
			buildActionMask = 2147483647;
			files = (
				D4870ABE1850C96800774072 /* InfoPlist.strings in Resources */,
			);
			runOnlyForDeploymentPostprocessing = 0;
		};
/* End PBXResourcesBuildPhase section */

/* Begin PBXSourcesBuildPhase section */
		D4870A8A1850C96800774072 /* Sources */ = {
			isa = PBXSourcesBuildPhase;
			buildActionMask = 2147483647;
			files = (
				D4870AA21850C96800774072 /* AppDelegate.m in Sources */,
				D4870AA81850C96800774072 /* MasterViewController.m in Sources */,
				D4870A9E1850C96800774072 /* main.m in Sources */,
				D4870AAB1850C96800774072 /* DetailViewController.m in Sources */,
			);
			runOnlyForDeploymentPostprocessing = 0;
		};
		D4870AAE1850C96800774072 /* Sources */ = {
			isa = PBXSourcesBuildPhase;
			buildActionMask = 2147483647;
			files = (
				D4870AC01850C96800774072 /* ProjectTests.m in Sources */,
			);
			runOnlyForDeploymentPostprocessing = 0;
		};
/* End PBXSourcesBuildPhase section */

/* Begin PBXTargetDependency section */
		D4870AB81850C96800774072 /* PBXTargetDependency */ = {
			isa = PBXTargetDependency;
			target = D4870A8D1850C96800774072 /* Project */;
			targetProxy = D4870AB71850C96800774072 /* PBXContainerItemProxy */;
		};
/* End PBXTargetDependency section */

/* Begin PBXVariantGroup section */
		D4870A9A1850C96800774072 /* InfoPlist.strings */ = {
			isa = PBXVariantGroup;
			children = (
				D4870A9B1850C96800774072 /* en */,
			);
			name = InfoPlist.strings;
			sourceTree = "<group>";
		};
		D4870AA31850C96800774072 /* Main.storyboard */ = {
			isa = PBXVariantGroup;
			children = (
				D4870AA41850C96800774072 /* Base */,
			);
			name = Main.storyboard;
			sourceTree = "<group>";
		};
		D4870ABC1850C96800774072 /* InfoPlist.strings */ = {
			isa = PBXVariantGroup;
			children = (
				D4870ABD1850C96800774072 /* en */,
			);
			name = InfoPlist.strings;
			sourceTree = "<group>";
		};
/* End PBXVariantGroup section */

/* Begin XCBuildConfiguration section */
		D4870AC11850C96800774072 /* Debug */ = {
			isa = XCBuildConfiguration;
			buildSettings = {
				ALWAYS_SEARCH_USER_PATHS = NO;
				ARCHS = "$(ARCHS_STANDARD_INCLUDING_64_BIT)";
				CLANG_CXX_LANGUAGE_STANDARD = "gnu++0x";
				CLANG_CXX_LIBRARY = "libc++";
				CLANG_ENABLE_MODULES = YES;
				CLANG_ENABLE_OBJC_ARC = YES;
				CLANG_WARN_BOOL_CONVERSION = YES;
				CLANG_WARN_CONSTANT_CONVERSION = YES;
				CLANG_WARN_DIRECT_OBJC_ISA_USAGE = YES_ERROR;
				CLANG_WARN_EMPTY_BODY = YES;
				CLANG_WARN_ENUM_CONVERSION = YES;
				CLANG_WARN_INT_CONVERSION = YES;
				CLANG_WARN_OBJC_ROOT_CLASS = YES_ERROR;
				CLANG_WARN__DUPLICATE_METHOD_MATCH = YES;
				"CODE_SIGN_IDENTITY[sdk=iphoneos*]" = "iPhone Developer";
				COPY_PHASE_STRIP = NO;
				GCC_C_LANGUAGE_STANDARD = gnu99;
				GCC_DYNAMIC_NO_PIC = NO;
				GCC_OPTIMIZATION_LEVEL = 0;
				GCC_PREPROCESSOR_DEFINITIONS = (
					"DEBUG=1",
					"$(inherited)",
				);
				GCC_SYMBOLS_PRIVATE_EXTERN = NO;
				GCC_WARN_64_TO_32_BIT_CONVERSION = YES;
				GCC_WARN_ABOUT_RETURN_TYPE = YES_ERROR;
				GCC_WARN_UNDECLARED_SELECTOR = YES;
				GCC_WARN_UNINITIALIZED_AUTOS = YES;
				GCC_WARN_UNUSED_FUNCTION = YES;
				GCC_WARN_UNUSED_VARIABLE = YES;
				IPHONEOS_DEPLOYMENT_TARGET = 7.0;
				ONLY_ACTIVE_ARCH = YES;
				SDKROOT = iphoneos;
			};
			name = Debug;
		};
		D4870AC21850C96800774072 /* Release */ = {
			isa = XCBuildConfiguration;
			buildSettings = {
				ALWAYS_SEARCH_USER_PATHS = NO;
				ARCHS = "$(ARCHS_STANDARD_INCLUDING_64_BIT)";
				CLANG_CXX_LANGUAGE_STANDARD = "gnu++0x";
				CLANG_CXX_LIBRARY = "libc++";
				CLANG_ENABLE_MODULES = YES;
				CLANG_ENABLE_OBJC_ARC = YES;
				CLANG_WARN_BOOL_CONVERSION = YES;
				CLANG_WARN_CONSTANT_CONVERSION = YES;
				CLANG_WARN_DIRECT_OBJC_ISA_USAGE = YES_ERROR;
				CLANG_WARN_EMPTY_BODY = YES;
				CLANG_WARN_ENUM_CONVERSION = YES;
				CLANG_WARN_INT_CONVERSION = YES;
				CLANG_WARN_OBJC_ROOT_CLASS = YES_ERROR;
				CLANG_WARN__DUPLICATE_METHOD_MATCH = YES;
				"CODE_SIGN_IDENTITY[sdk=iphoneos*]" = "iPhone Developer";
				COPY_PHASE_STRIP = YES;
				ENABLE_NS_ASSERTIONS = NO;
				GCC_C_LANGUAGE_STANDARD = gnu99;
				GCC_WARN_64_TO_32_BIT_CONVERSION = YES;
				GCC_WARN_ABOUT_RETURN_TYPE = YES_ERROR;
				GCC_WARN_UNDECLARED_SELECTOR = YES;
				GCC_WARN_UNINITIALIZED_AUTOS = YES;
				GCC_WARN_UNUSED_FUNCTION = YES;
				GCC_WARN_UNUSED_VARIABLE = YES;
				IPHONEOS_DEPLOYMENT_TARGET = 7.0;
				SDKROOT = iphoneos;
				VALIDATE_PRODUCT = YES;
			};
			name = Release;
		};
		D4870AC41850C96800774072 /* Debug */ = {
			isa = XCBuildConfiguration;
			buildSettings = {
				ASSETCATALOG_COMPILER_APPICON_NAME = AppIcon;
				ASSETCATALOG_COMPILER_LAUNCHIMAGE_NAME = LaunchImage;
				GCC_PRECOMPILE_PREFIX_HEADER = YES;
				GCC_PREFIX_HEADER = "Project/Project-Prefix.pch";
				INFOPLIST_FILE = "Project/Project-Info.plist";
				PRODUCT_NAME = "$(TARGET_NAME)";
				WRAPPER_EXTENSION = app;
			};
			name = Debug;
		};
		D4870AC51850C96800774072 /* Release */ = {
			isa = XCBuildConfiguration;
			buildSettings = {
				ASSETCATALOG_COMPILER_APPICON_NAME = AppIcon;
				ASSETCATALOG_COMPILER_LAUNCHIMAGE_NAME = LaunchImage;
				GCC_PRECOMPILE_PREFIX_HEADER = YES;
				GCC_PREFIX_HEADER = "Project/Project-Prefix.pch";
				INFOPLIST_FILE = "Project/Project-Info.plist";
				PRODUCT_NAME = "$(TARGET_NAME)";
				WRAPPER_EXTENSION = app;
			};
			name = Release;
		};
		D4870AC71850C96800774072 /* Debug */ = {
			isa = XCBuildConfiguration;
			buildSettings = {
				ARCHS = "$(ARCHS_STANDARD_INCLUDING_64_BIT)";
				BUNDLE_LOADER = "$(BUILT_PRODUCTS_DIR)/Project.app/Project";
				FRAMEWORK_SEARCH_PATHS = (
					"$(SDKROOT)/Developer/Library/Frameworks",
					"$(inherited)",
					"$(DEVELOPER_FRAMEWORKS_DIR)",
				);
				GCC_PRECOMPILE_PREFIX_HEADER = YES;
				GCC_PREFIX_HEADER = "Project/Project-Prefix.pch";
				GCC_PREPROCESSOR_DEFINITIONS = (
					"DEBUG=1",
					"$(inherited)",
				);
				INFOPLIST_FILE = "ProjectTests/ProjectTests-Info.plist";
				PRODUCT_NAME = "$(TARGET_NAME)";
				TEST_HOST = "$(BUNDLE_LOADER)";
				WRAPPER_EXTENSION = xctest;
			};
			name = Debug;
		};
		D4870AC81850C96800774072 /* Release */ = {
			isa = XCBuildConfiguration;
			buildSettings = {
				ARCHS = "$(ARCHS_STANDARD_INCLUDING_64_BIT)";
				BUNDLE_LOADER = "$(BUILT_PRODUCTS_DIR)/Project.app/Project";
				FRAMEWORK_SEARCH_PATHS = (
					"$(SDKROOT)/Developer/Library/Frameworks",
					"$(inherited)",
					"$(DEVELOPER_FRAMEWORKS_DIR)",
				);
				GCC_PRECOMPILE_PREFIX_HEADER = YES;
				GCC_PREFIX_HEADER = "Project/Project-Prefix.pch";
				INFOPLIST_FILE = "ProjectTests/ProjectTests-Info.plist";
				PRODUCT_NAME = "$(TARGET_NAME)";
				TEST_HOST = "$(BUNDLE_LOADER)";
				WRAPPER_EXTENSION = xctest;
			};
			name = Release;
		};
/* End XCBuildConfiguration section */

/* Begin XCConfigurationList section */
		D4870A891850C96800774072 /* Build configuration list for PBXProject "Project" */ = {
			isa = XCConfigurationList;
			buildConfigurations = (
				D4870AC11850C96800774072 /* Debug */,
				D4870AC21850C96800774072 /* Release */,
			);
			defaultConfigurationIsVisible = 0;
			defaultConfigurationName = Release;
		};
		D4870AC31850C96800774072 /* Build configuration list for PBXNativeTarget "Project" */ = {
			isa = XCConfigurationList;
			buildConfigurations = (
				D4870AC41850C96800774072 /* Debug */,
				D4870AC51850C96800774072 /* Release */,
			);
			defaultConfigurationIsVisible = 0;
		};
		D4870AC61850C96800774072 /* Build configuration list for PBXNativeTarget "ProjectTests" */ = {
			isa = XCConfigurationList;
			buildConfigurations = (
				D4870AC71850C96800774072 /* Debug */,
				D4870AC81850C96800774072 /* Release */,
			);
			defaultConfigurationIsVisible = 0;
		};
/* End XCConfigurationList section */
	};
	rootObject = D4870A861850C96800774072 /* Project object */;
}
